
Microsoft Visual Studio Solution File, Format Version 12.00
# Visual Studio Version 17
VisualStudioVersion = 17.5.33530.505
MinimumVisualStudioVersion = 10.0.40219.1
Project("{FAE04EC0-301F-11D3-BF4B-00C04F79EFBC}") = "ProductApp", "ProductApp\ProductApp.csproj", "{AEB13749-203D-4884-85AB-D5ACE29ABF41}"
EndProject
Global
	GlobalSection(SolutionConfigurationPlatforms) = preSolution
		Debug|Any CPU = Debug|Any CPU
		Release|Any CPU = Release|Any CPU
	EndGlobalSection
	GlobalSection(ProjectConfigurationPlatforms) = postSolution
		{AEB13749-203D-4884-85AB-D5ACE29ABF41}.Debug|Any CPU.ActiveCfg = Debug|Any CPU
		{AEB13749-203D-4884-85AB-D5ACE29ABF41}.Debug|Any CPU.Build.0 = Debug|Any CPU
		{AEB13749-203D-4884-85AB-D5ACE29ABF41}.Release|Any CPU.ActiveCfg = Release|Any CPU
		{AEB13749-203D-4884-85AB-D5ACE29ABF41}.Release|Any CPU.Build.0 = Release|Any CPU
	EndGlobalSection
	GlobalSection(SolutionProperties) = preSolution
		HideSolutionNode = FALSE
	EndGlobalSection
	GlobalSection(ExtensibilityGlobals) = postSolution
		SolutionGuid = {5766EDD9-8989-4E7A-BDC1-26DEA68E3468}
	EndGlobalSection
EndGlobal
