
Microsoft Visual Studio Solution File, Format Version 12.00
# Visual Studio Version 17
VisualStudioVersion = 17.5.33530.505
MinimumVisualStudioVersion = 10.0.40219.1
Project("{FAE04EC0-301F-11D3-BF4B-00C04F79EFBC}") = "BlogSystem", "BlogSystem\BlogSystem.csproj", "{191082F7-D87D-4E17-B1E4-42DE300BFF70}"
EndProject
Global
	GlobalSection(SolutionConfigurationPlatforms) = preSolution
		Debug|Any CPU = Debug|Any CPU
		Release|Any CPU = Release|Any CPU
	EndGlobalSection
	GlobalSection(ProjectConfigurationPlatforms) = postSolution
		{191082F7-D87D-4E17-B1E4-42DE300BFF70}.Debug|Any CPU.ActiveCfg = Debug|Any CPU
		{191082F7-D87D-4E17-B1E4-42DE300BFF70}.Debug|Any CPU.Build.0 = Debug|Any CPU
		{191082F7-D87D-4E17-B1E4-42DE300BFF70}.Release|Any CPU.ActiveCfg = Release|Any CPU
		{191082F7-D87D-4E17-B1E4-42DE300BFF70}.Release|Any CPU.Build.0 = Release|Any CPU
	EndGlobalSection
	GlobalSection(SolutionProperties) = preSolution
		HideSolutionNode = FALSE
	EndGlobalSection
	GlobalSection(ExtensibilityGlobals) = postSolution
		SolutionGuid = {1473D89A-6EA9-4622-ACA5-38ACF39C23DF}
	EndGlobalSection
EndGlobal
