
Microsoft Visual Studio Solution File, Format Version 12.00
# Visual Studio Version 17
VisualStudioVersion = 17.5.33530.505
MinimumVisualStudioVersion = 10.0.40219.1
Project("{FAE04EC0-301F-11D3-BF4B-00C04F79EFBC}") = "TaskManagerSystem", "TaskManagerSystem\TaskManagerSystem.csproj", "{927224E8-0D3D-438E-85A9-5FC2FCEFA790}"
EndProject
Global
	GlobalSection(SolutionConfigurationPlatforms) = preSolution
		Debug|Any CPU = Debug|Any CPU
		Release|Any CPU = Release|Any CPU
	EndGlobalSection
	GlobalSection(ProjectConfigurationPlatforms) = postSolution
		{927224E8-0D3D-438E-85A9-5FC2FCEFA790}.Debug|Any CPU.ActiveCfg = Debug|Any CPU
		{927224E8-0D3D-438E-85A9-5FC2FCEFA790}.Debug|Any CPU.Build.0 = Debug|Any CPU
		{927224E8-0D3D-438E-85A9-5FC2FCEFA790}.Release|Any CPU.ActiveCfg = Release|Any CPU
		{927224E8-0D3D-438E-85A9-5FC2FCEFA790}.Release|Any CPU.Build.0 = Release|Any CPU
	EndGlobalSection
	GlobalSection(SolutionProperties) = preSolution
		HideSolutionNode = FALSE
	EndGlobalSection
	GlobalSection(ExtensibilityGlobals) = postSolution
		SolutionGuid = {4CB462C1-5208-4F26-BC27-3D93775A09AA}
	EndGlobalSection
EndGlobal
